
Microsoft Visual Studio Solution File, Format Version 11.00
# Visual Studio 2010
Project("{FAE04EC0-301F-11D3-BF4B-00C04F79EFBC}") = "SampleBallZigZag", "Assembly-CSharp.csproj", "{F2A2F97D-753D-3868-FB40-08626ECFCA2A}"
EndProject
Project("{FAE04EC0-301F-11D3-BF4B-00C04F79EFBC}") = "SampleBallZigZag", "Assembly-CSharp-Editor.csproj", "{6CC4995E-09FB-831F-9BE6-66A2675F301B}"
EndProject
Global
	GlobalSection(SolutionConfigurationPlatforms) = preSolution
		Debug|Any CPU = Debug|Any CPU
		Release|Any CPU = Release|Any CPU
	EndGlobalSection
	GlobalSection(ProjectConfigurationPlatforms) = postSolution
		{F2A2F97D-753D-3868-FB40-08626ECFCA2A}.Debug|Any CPU.ActiveCfg = Debug|Any CPU
		{F2A2F97D-753D-3868-FB40-08626ECFCA2A}.Debug|Any CPU.Build.0 = Debug|Any CPU
		{F2A2F97D-753D-3868-FB40-08626ECFCA2A}.Release|Any CPU.ActiveCfg = Release|Any CPU
		{F2A2F97D-753D-3868-FB40-08626ECFCA2A}.Release|Any CPU.Build.0 = Release|Any CPU
		{6CC4995E-09FB-831F-9BE6-66A2675F301B}.Debug|Any CPU.ActiveCfg = Debug|Any CPU
		{6CC4995E-09FB-831F-9BE6-66A2675F301B}.Debug|Any CPU.Build.0 = Debug|Any CPU
		{6CC4995E-09FB-831F-9BE6-66A2675F301B}.Release|Any CPU.ActiveCfg = Release|Any CPU
		{6CC4995E-09FB-831F-9BE6-66A2675F301B}.Release|Any CPU.Build.0 = Release|Any CPU
	EndGlobalSection
	GlobalSection(SolutionProperties) = preSolution
		HideSolutionNode = FALSE
	EndGlobalSection
	GlobalSection(MonoDevelopProperties) = preSolution
		StartupItem = Assembly-CSharp.csproj
	EndGlobalSection
EndGlobal
